
Microsoft Visual Studio Solution File, Format Version 12.00
# Visual Studio Version 16
VisualStudioVersion = 16.0.30225.117
MinimumVisualStudioVersion = 10.0.40219.1
Project("{888888A0-9F3D-457C-B088-3A5042F75D52}") = "SuperCoolBots", "SuperCoolBots.pyproj", "{5D15F483-803B-4A8D-A4C7-B87DED25C00E}"
EndProject
Global
	GlobalSection(SolutionConfigurationPlatforms) = preSolution
		Debug|Any CPU = Debug|Any CPU
		Release|Any CPU = Release|Any CPU
	EndGlobalSection
	GlobalSection(ProjectConfigurationPlatforms) = postSolution
		{5D15F483-803B-4A8D-A4C7-B87DED25C00E}.Debug|Any CPU.ActiveCfg = Debug|Any CPU
		{5D15F483-803B-4A8D-A4C7-B87DED25C00E}.Debug|Any CPU.Build.0 = Debug|Any CPU
		{5D15F483-803B-4A8D-A4C7-B87DED25C00E}.Release|Any CPU.ActiveCfg = Release|Any CPU
		{5D15F483-803B-4A8D-A4C7-B87DED25C00E}.Release|Any CPU.Build.0 = Release|Any CPU
	EndGlobalSection
	GlobalSection(SolutionProperties) = preSolution
		HideSolutionNode = FALSE
	EndGlobalSection
	GlobalSection(ExtensibilityGlobals) = postSolution
		SolutionGuid = {A45960CA-2858-495C-AD87-85EE991DCC4A}
	EndGlobalSection
EndGlobal
